
Microsoft Visual Studio Solution File, Format Version 12.00
# Visual Studio Version 16
VisualStudioVersion = 16.0.30002.166
MinimumVisualStudioVersion = 10.0.40219.1
Project("{FAE04EC0-301F-11D3-BF4B-00C04F79EFBC}") = "PAM.MVC", "PAM.MVC\PAM.MVC.csproj", "{46C2A585-2569-4FEE-B45C-00AFBD7EDED6}"
EndProject
Project("{FAE04EC0-301F-11D3-BF4B-00C04F79EFBC}") = "PAM.DataN", "PAM.DataN\PAM.DataN.csproj", "{82ACDF5A-3D23-4CB3-829A-3B4E87D5AD9E}"
EndProject
Project("{FAE04EC0-301F-11D3-BF4B-00C04F79EFBC}") = "PAM.ModelsN", "PAM.ModelsN\PAM.ModelsN.csproj", "{97379E71-373F-4DF1-BD51-DA86084B4C33}"
EndProject
Project("{FAE04EC0-301F-11D3-BF4B-00C04F79EFBC}") = "PAM.ServicesN", "PAM.ServicesN\PAM.ServicesN.csproj", "{693DB15D-5CBE-448F-8A2A-36AFAF69238B}"
EndProject
Global
	GlobalSection(SolutionConfigurationPlatforms) = preSolution
		Debug|Any CPU = Debug|Any CPU
		Release|Any CPU = Release|Any CPU
	EndGlobalSection
	GlobalSection(ProjectConfigurationPlatforms) = postSolution
		{46C2A585-2569-4FEE-B45C-00AFBD7EDED6}.Debug|Any CPU.ActiveCfg = Debug|Any CPU
		{46C2A585-2569-4FEE-B45C-00AFBD7EDED6}.Debug|Any CPU.Build.0 = Debug|Any CPU
		{46C2A585-2569-4FEE-B45C-00AFBD7EDED6}.Release|Any CPU.ActiveCfg = Release|Any CPU
		{46C2A585-2569-4FEE-B45C-00AFBD7EDED6}.Release|Any CPU.Build.0 = Release|Any CPU
		{82ACDF5A-3D23-4CB3-829A-3B4E87D5AD9E}.Debug|Any CPU.ActiveCfg = Debug|Any CPU
		{82ACDF5A-3D23-4CB3-829A-3B4E87D5AD9E}.Debug|Any CPU.Build.0 = Debug|Any CPU
		{82ACDF5A-3D23-4CB3-829A-3B4E87D5AD9E}.Release|Any CPU.ActiveCfg = Release|Any CPU
		{82ACDF5A-3D23-4CB3-829A-3B4E87D5AD9E}.Release|Any CPU.Build.0 = Release|Any CPU
		{97379E71-373F-4DF1-BD51-DA86084B4C33}.Debug|Any CPU.ActiveCfg = Debug|Any CPU
		{97379E71-373F-4DF1-BD51-DA86084B4C33}.Debug|Any CPU.Build.0 = Debug|Any CPU
		{97379E71-373F-4DF1-BD51-DA86084B4C33}.Release|Any CPU.ActiveCfg = Release|Any CPU
		{97379E71-373F-4DF1-BD51-DA86084B4C33}.Release|Any CPU.Build.0 = Release|Any CPU
		{693DB15D-5CBE-448F-8A2A-36AFAF69238B}.Debug|Any CPU.ActiveCfg = Debug|Any CPU
		{693DB15D-5CBE-448F-8A2A-36AFAF69238B}.Debug|Any CPU.Build.0 = Debug|Any CPU
		{693DB15D-5CBE-448F-8A2A-36AFAF69238B}.Release|Any CPU.ActiveCfg = Release|Any CPU
		{693DB15D-5CBE-448F-8A2A-36AFAF69238B}.Release|Any CPU.Build.0 = Release|Any CPU
	EndGlobalSection
	GlobalSection(SolutionProperties) = preSolution
		HideSolutionNode = FALSE
	EndGlobalSection
	GlobalSection(ExtensibilityGlobals) = postSolution
		SolutionGuid = {2B4D2A10-E035-4009-821B-EBA6A7CDE326}
	EndGlobalSection
EndGlobal
